
Microsoft Visual Studio Solution File, Format Version 12.00
# Visual Studio Version 16
VisualStudioVersion = 16.0.31005.135
MinimumVisualStudioVersion = 10.0.40219.1
Project("{9A19103F-16F7-4668-BE54-9A1E7A4F7556}") = "MoviesPortal", "MoviesPortal\MoviesPortal.csproj", "{CCE6D0DE-79D8-4EC2-936B-9D4BC205DDDB}"
EndProject
Global
	GlobalSection(SolutionConfigurationPlatforms) = preSolution
		Debug|Any CPU = Debug|Any CPU
		Release|Any CPU = Release|Any CPU
	EndGlobalSection
	GlobalSection(ProjectConfigurationPlatforms) = postSolution
		{CCE6D0DE-79D8-4EC2-936B-9D4BC205DDDB}.Debug|Any CPU.ActiveCfg = Debug|Any CPU
		{CCE6D0DE-79D8-4EC2-936B-9D4BC205DDDB}.Debug|Any CPU.Build.0 = Debug|Any CPU
		{CCE6D0DE-79D8-4EC2-936B-9D4BC205DDDB}.Release|Any CPU.ActiveCfg = Release|Any CPU
		{CCE6D0DE-79D8-4EC2-936B-9D4BC205DDDB}.Release|Any CPU.Build.0 = Release|Any CPU
	EndGlobalSection
	GlobalSection(SolutionProperties) = preSolution
		HideSolutionNode = FALSE
	EndGlobalSection
	GlobalSection(ExtensibilityGlobals) = postSolution
		SolutionGuid = {DC452B52-3769-4B80-823B-FA9609797ED3}
	EndGlobalSection
EndGlobal
